<?xml version="1.0" encoding="UTF-8" standalone="yes" ?>
<CodeBlocks_project_file>
	<FileVersion major="1" minor="6" />
	<Project>
		<Option title="OYUN" />
		<Option pch_mode="2" />
		<Option compiler="gcc" />
		<Build>
			<Target title="Debug">
				<Option output="bin/Debug/OYUN" prefix_auto="1" extension_auto="1" />
				<Option object_output="obj/Debug/" />
				<Option type="1" />
				<Option compiler="gcc" />
				<Compiler>
					<Add option="-g" />
				</Compiler>
			</Target>
			<Target title="Release">
				<Option output="bin/Release/OYUN" prefix_auto="1" extension_auto="1" />
				<Option object_output="obj/Release/" />
				<Option type="1" />
				<Option compiler="gcc" />
				<Compiler>
					<Add option="-O2" />
				</Compiler>
				<Linker>
					<Add option="-s" />
				</Linker>
			</Target>
		</Build>
		<Compiler>
			<Add option="-Wall" />
		</Compiler>
		<Unit filename="ayi.c">
			<Option compilerVar="CC" />
		</Unit>
		<Unit filename="ayi.h" />
		<Unit filename="degerYazdir.c">
			<Option compilerVar="CC" />
		</Unit>
		<Unit filename="degerYazdir.h" />
		<Unit filename="features.c">
			<Option compilerVar="CC" />
		</Unit>
		<Unit filename="features.h" />
		<Unit filename="han.c">
			<Option compilerVar="CC" />
		</Unit>
		<Unit filename="han.h" />
		<Unit filename="haydut.c">
			<Option compilerVar="CC" />
		</Unit>
		<Unit filename="haydut.h" />
		<Unit filename="kamp.c">
			<Option compilerVar="CC" />
		</Unit>
		<Unit filename="kamp.h" />
		<Unit filename="level.c">
			<Option compilerVar="CC" />
		</Unit>
		<Unit filename="level.h" />
		<Unit filename="macera.c">
			<Option compilerVar="CC" />
		</Unit>
		<Unit filename="macera.h" />
		<Unit filename="main.c">
			<Option compilerVar="CC" />
		</Unit>
		<Unit filename="menu.c">
			<Option compilerVar="CC" />
		</Unit>
		<Unit filename="menu.h" />
		<Unit filename="puan.c">
			<Option compilerVar="CC" />
		</Unit>
		<Unit filename="puan.h" />
		<Unit filename="sifahane.c">
			<Option compilerVar="CC" />
		</Unit>
		<Unit filename="sifahane.h" />
		<Unit filename="yoldas.c">
			<Option compilerVar="CC" />
		</Unit>
		<Unit filename="yoldas.h" />
		<Unit filename="yoldasMenu.c">
			<Option compilerVar="CC" />
		</Unit>
		<Unit filename="yoldasMenu.h" />
		<Extensions />
	</Project>
</CodeBlocks_project_file>
